// !$*UTF8*$!
{
	archiveVersion = 1;
	classes = {
	};
	objectVersion = 48;
	objects = {

/* Begin PBXBuildFile section */
		967EFE0C202297B5001522D3 /* 092. Reverse Linked List II.swift in Sources */ = {isa = PBXBuildFile; fileRef = 967EFE0B202297B5001522D3 /* 092. Reverse Linked List II.swift */; };
		96B80A302024F86000AEACEE /* 019. Remove Nth Node From End of List.swift in Sources */ = {isa = PBXBuildFile; fileRef = 96B80A2F2024F86000AEACEE /* 019. Remove Nth Node From End of List.swift */; };
		96B80A322024FBAA00AEACEE /* 024. Swap Nodes in Pairs.swift in Sources */ = {isa = PBXBuildFile; fileRef = 96B80A312024FBAA00AEACEE /* 024. Swap Nodes in Pairs.swift */; };
		96B80A352025167300AEACEE /* 025. Reverse Nodes in k-Group.swift in Sources */ = {isa = PBXBuildFile; fileRef = 96B80A342025167300AEACEE /* 025. Reverse Nodes in k-Group.swift */; };
		96B80A3720252B3100AEACEE /* 143. Reorder List.swift in Sources */ = {isa = PBXBuildFile; fileRef = 96B80A3620252B3100AEACEE /* 143. Reorder List.swift */; };
		96F0DCF52023DAFC00F59015 /* ListNode.swift in Sources */ = {isa = PBXBuildFile; fileRef = 96F0DCF42023DAFC00F59015 /* ListNode.swift */; };
		96F0DCF72023DF7700F59015 /* 086. Partition List.swift in Sources */ = {isa = PBXBuildFile; fileRef = 96F0DCF62023DF7700F59015 /* 086. Partition List.swift */; };
		96F0DCF92023E72000F59015 /* 083. Remove Duplicates from Sorted List.swift in Sources */ = {isa = PBXBuildFile; fileRef = 96F0DCF82023E72000F59015 /* 083. Remove Duplicates from Sorted List.swift */; };
		96F0DCFB2023EB9000F59015 /* 082. Remove Duplicates from Sorted List II.swift in Sources */ = {isa = PBXBuildFile; fileRef = 96F0DCFA2023EB9000F59015 /* 082. Remove Duplicates from Sorted List II.swift */; };
		96F0DCFD2024E8BC00F59015 /* 061. Rotate List.swift in Sources */ = {isa = PBXBuildFile; fileRef = 96F0DCFC2024E8BC00F59015 /* 061. Rotate List.swift */; };
		96F51797201BB5CF00320D41 /* 018. 4Sum.swift in Sources */ = {isa = PBXBuildFile; fileRef = 96F51796201BB5CF00320D41 /* 018. 4Sum.swift */; };
		96F51799201BD55E00320D41 /* 027. Remove Element.swift in Sources */ = {isa = PBXBuildFile; fileRef = 96F51798201BD55E00320D41 /* 027. Remove Element.swift */; };
		96F5179B201BD7AB00320D41 /* 031. Next Permutation.swift in Sources */ = {isa = PBXBuildFile; fileRef = 96F5179A201BD7AB00320D41 /* 031. Next Permutation.swift */; };
		96F5179D201BFA4C00320D41 /* 060. Permutation Sequence.swift in Sources */ = {isa = PBXBuildFile; fileRef = 96F5179C201BFA4C00320D41 /* 060. Permutation Sequence.swift */; };
		96F5179F201FCC0200320D41 /* 036. Valid Sudoku.swift in Sources */ = {isa = PBXBuildFile; fileRef = 96F5179E201FCC0200320D41 /* 036. Valid Sudoku.swift */; };
		96F517A1201FE8A600320D41 /* 042. Trapping Rain Water.swift in Sources */ = {isa = PBXBuildFile; fileRef = 96F517A0201FE8A600320D41 /* 042. Trapping Rain Water.swift */; };
		96F517A3201FEC7A00320D41 /* 048. Rotate Image.swift in Sources */ = {isa = PBXBuildFile; fileRef = 96F517A2201FEC7A00320D41 /* 048. Rotate Image.swift */; };
		96F517A52021001B00320D41 /* 066. Plus One.swift in Sources */ = {isa = PBXBuildFile; fileRef = 96F517A42021001B00320D41 /* 066. Plus One.swift */; };
		96F517A72021057100320D41 /* 070. Climbing Stairs.swift in Sources */ = {isa = PBXBuildFile; fileRef = 96F517A62021057100320D41 /* 070. Climbing Stairs.swift */; };
		96F517A92021246800320D41 /* 089. Gray Code.swift in Sources */ = {isa = PBXBuildFile; fileRef = 96F517A82021246800320D41 /* 089. Gray Code.swift */; };
		96F517AB2021496000320D41 /* 073. Set Matrix Zeroes.swift in Sources */ = {isa = PBXBuildFile; fileRef = 96F517AA2021496000320D41 /* 073. Set Matrix Zeroes.swift */; };
		96F517AD20224E5500320D41 /* 134. Gas Station.swift in Sources */ = {isa = PBXBuildFile; fileRef = 96F517AC20224E5500320D41 /* 134. Gas Station.swift */; };
		96F517AF202257D000320D41 /* 135. Candy.swift in Sources */ = {isa = PBXBuildFile; fileRef = 96F517AE202257D000320D41 /* 135. Candy.swift */; };
		96F517B120225E5F00320D41 /* 136. Single Number.swift in Sources */ = {isa = PBXBuildFile; fileRef = 96F517B020225E5F00320D41 /* 136. Single Number.swift */; };
		96F517B320226D5200320D41 /* 137. Single Number II.swift in Sources */ = {isa = PBXBuildFile; fileRef = 96F517B220226D5200320D41 /* 137. Single Number II.swift */; };
		96F517B520226FAD00320D41 /* 002. Add Two Numbers.swift in Sources */ = {isa = PBXBuildFile; fileRef = 96F517B420226FAD00320D41 /* 002. Add Two Numbers.swift */; };
		96FA8030201AA7EE00C2335C /* AppDelegate.swift in Sources */ = {isa = PBXBuildFile; fileRef = 96FA802F201AA7EE00C2335C /* AppDelegate.swift */; };
		96FA8032201AA7EE00C2335C /* ViewController.swift in Sources */ = {isa = PBXBuildFile; fileRef = 96FA8031201AA7EE00C2335C /* ViewController.swift */; };
		96FA8035201AA7EE00C2335C /* Main.storyboard in Resources */ = {isa = PBXBuildFile; fileRef = 96FA8033201AA7EE00C2335C /* Main.storyboard */; };
		96FA8037201AA7EE00C2335C /* Assets.xcassets in Resources */ = {isa = PBXBuildFile; fileRef = 96FA8036201AA7EE00C2335C /* Assets.xcassets */; };
		96FA803A201AA7EE00C2335C /* LaunchScreen.storyboard in Resources */ = {isa = PBXBuildFile; fileRef = 96FA8038201AA7EE00C2335C /* LaunchScreen.storyboard */; };
		96FA8042201AA9B200C2335C /* 001. Two Sum.playground.swift in Sources */ = {isa = PBXBuildFile; fileRef = 96FA8041201AA9B200C2335C /* 001. Two Sum.playground.swift */; };
		96FA8045201AAAFF00C2335C /* 004. Median of Two Sorted Arrays.swift in Sources */ = {isa = PBXBuildFile; fileRef = 96FA8044201AAAFF00C2335C /* 004. Median of Two Sorted Arrays.swift */; };
		96FA8047201AAB4B00C2335C /* 015. 3Sum.swift in Sources */ = {isa = PBXBuildFile; fileRef = 96FA8046201AAB4B00C2335C /* 015. 3Sum.swift */; };
		96FA8049201AAC4E00C2335C /* 026. Remove Duplicates from Sorted Array.swift in Sources */ = {isa = PBXBuildFile; fileRef = 96FA8048201AAC4E00C2335C /* 026. Remove Duplicates from Sorted Array.swift */; };
		96FA804B201AACAB00C2335C /* 033. Search in Rotated Sorted Array.swift in Sources */ = {isa = PBXBuildFile; fileRef = 96FA804A201AACAB00C2335C /* 033. Search in Rotated Sorted Array.swift */; };
		96FA804D201AACFC00C2335C /* 080. Remove Duplicates from Sorted Array II.swift in Sources */ = {isa = PBXBuildFile; fileRef = 96FA804C201AACFC00C2335C /* 080. Remove Duplicates from Sorted Array II.swift */; };
		96FA804F201AAD4C00C2335C /* 081. Search in Rotated Sorted Array II.swift in Sources */ = {isa = PBXBuildFile; fileRef = 96FA804E201AAD4C00C2335C /* 081. Search in Rotated Sorted Array II.swift */; };
		96FA8051201AAE1300C2335C /* 128. Longest Consecutive Sequence.swift in Sources */ = {isa = PBXBuildFile; fileRef = 96FA8050201AAE1300C2335C /* 128. Longest Consecutive Sequence.swift */; };
		96FA8053201AAF4600C2335C /* 016. 3Sum Closest.swift in Sources */ = {isa = PBXBuildFile; fileRef = 96FA8052201AAF4600C2335C /* 016. 3Sum Closest.swift */; };
/* End PBXBuildFile section */

/* Begin PBXFileReference section */
		967EFE0B202297B5001522D3 /* 092. Reverse Linked List II.swift */ = {isa = PBXFileReference; lastKnownFileType = sourcecode.swift; path = "092. Reverse Linked List II.swift"; sourceTree = "<group>"; };
		96B80A2F2024F86000AEACEE /* 019. Remove Nth Node From End of List.swift */ = {isa = PBXFileReference; lastKnownFileType = sourcecode.swift; path = "019. Remove Nth Node From End of List.swift"; sourceTree = "<group>"; };
		96B80A312024FBAA00AEACEE /* 024. Swap Nodes in Pairs.swift */ = {isa = PBXFileReference; lastKnownFileType = sourcecode.swift; path = "024. Swap Nodes in Pairs.swift"; sourceTree = "<group>"; };
		96B80A342025167300AEACEE /* 025. Reverse Nodes in k-Group.swift */ = {isa = PBXFileReference; lastKnownFileType = sourcecode.swift; path = "025. Reverse Nodes in k-Group.swift"; sourceTree = "<group>"; };
		96B80A3620252B3100AEACEE /* 143. Reorder List.swift */ = {isa = PBXFileReference; lastKnownFileType = sourcecode.swift; path = "143. Reorder List.swift"; sourceTree = "<group>"; };
		96F0DCF42023DAFC00F59015 /* ListNode.swift */ = {isa = PBXFileReference; lastKnownFileType = sourcecode.swift; path = ListNode.swift; sourceTree = "<group>"; };
		96F0DCF62023DF7700F59015 /* 086. Partition List.swift */ = {isa = PBXFileReference; lastKnownFileType = sourcecode.swift; path = "086. Partition List.swift"; sourceTree = "<group>"; };
		96F0DCF82023E72000F59015 /* 083. Remove Duplicates from Sorted List.swift */ = {isa = PBXFileReference; lastKnownFileType = sourcecode.swift; path = "083. Remove Duplicates from Sorted List.swift"; sourceTree = "<group>"; };
		96F0DCFA2023EB9000F59015 /* 082. Remove Duplicates from Sorted List II.swift */ = {isa = PBXFileReference; lastKnownFileType = sourcecode.swift; path = "082. Remove Duplicates from Sorted List II.swift"; sourceTree = "<group>"; };
		96F0DCFC2024E8BC00F59015 /* 061. Rotate List.swift */ = {isa = PBXFileReference; lastKnownFileType = sourcecode.swift; path = "061. Rotate List.swift"; sourceTree = "<group>"; };
		96F51796201BB5CF00320D41 /* 018. 4Sum.swift */ = {isa = PBXFileReference; lastKnownFileType = sourcecode.swift; path = "018. 4Sum.swift"; sourceTree = "<group>"; };
		96F51798201BD55E00320D41 /* 027. Remove Element.swift */ = {isa = PBXFileReference; lastKnownFileType = sourcecode.swift; path = "027. Remove Element.swift"; sourceTree = "<group>"; };
		96F5179A201BD7AB00320D41 /* 031. Next Permutation.swift */ = {isa = PBXFileReference; lastKnownFileType = sourcecode.swift; path = "031. Next Permutation.swift"; sourceTree = "<group>"; };
		96F5179C201BFA4C00320D41 /* 060. Permutation Sequence.swift */ = {isa = PBXFileReference; lastKnownFileType = sourcecode.swift; path = "060. Permutation Sequence.swift"; sourceTree = "<group>"; };
		96F5179E201FCC0200320D41 /* 036. Valid Sudoku.swift */ = {isa = PBXFileReference; lastKnownFileType = sourcecode.swift; path = "036. Valid Sudoku.swift"; sourceTree = "<group>"; };
		96F517A0201FE8A600320D41 /* 042. Trapping Rain Water.swift */ = {isa = PBXFileReference; lastKnownFileType = sourcecode.swift; path = "042. Trapping Rain Water.swift"; sourceTree = "<group>"; };
		96F517A2201FEC7A00320D41 /* 048. Rotate Image.swift */ = {isa = PBXFileReference; lastKnownFileType = sourcecode.swift; path = "048. Rotate Image.swift"; sourceTree = "<group>"; };
		96F517A42021001B00320D41 /* 066. Plus One.swift */ = {isa = PBXFileReference; lastKnownFileType = sourcecode.swift; path = "066. Plus One.swift"; sourceTree = "<group>"; };
		96F517A62021057100320D41 /* 070. Climbing Stairs.swift */ = {isa = PBXFileReference; lastKnownFileType = sourcecode.swift; path = "070. Climbing Stairs.swift"; sourceTree = "<group>"; };
		96F517A82021246800320D41 /* 089. Gray Code.swift */ = {isa = PBXFileReference; lastKnownFileType = sourcecode.swift; path = "089. Gray Code.swift"; sourceTree = "<group>"; };
		96F517AA2021496000320D41 /* 073. Set Matrix Zeroes.swift */ = {isa = PBXFileReference; lastKnownFileType = sourcecode.swift; path = "073. Set Matrix Zeroes.swift"; sourceTree = "<group>"; };
		96F517AC20224E5500320D41 /* 134. Gas Station.swift */ = {isa = PBXFileReference; lastKnownFileType = sourcecode.swift; path = "134. Gas Station.swift"; sourceTree = "<group>"; };
		96F517AE202257D000320D41 /* 135. Candy.swift */ = {isa = PBXFileReference; lastKnownFileType = sourcecode.swift; path = "135. Candy.swift"; sourceTree = "<group>"; };
		96F517B020225E5F00320D41 /* 136. Single Number.swift */ = {isa = PBXFileReference; lastKnownFileType = sourcecode.swift; path = "136. Single Number.swift"; sourceTree = "<group>"; };
		96F517B220226D5200320D41 /* 137. Single Number II.swift */ = {isa = PBXFileReference; lastKnownFileType = sourcecode.swift; path = "137. Single Number II.swift"; sourceTree = "<group>"; };
		96F517B420226FAD00320D41 /* 002. Add Two Numbers.swift */ = {isa = PBXFileReference; lastKnownFileType = sourcecode.swift; path = "002. Add Two Numbers.swift"; sourceTree = "<group>"; };
		96FA802C201AA7EE00C2335C /* LeetcodeSolution.app */ = {isa = PBXFileReference; explicitFileType = wrapper.application; includeInIndex = 0; path = LeetcodeSolution.app; sourceTree = BUILT_PRODUCTS_DIR; };
		96FA802F201AA7EE00C2335C /* AppDelegate.swift */ = {isa = PBXFileReference; lastKnownFileType = sourcecode.swift; path = AppDelegate.swift; sourceTree = "<group>"; };
		96FA8031201AA7EE00C2335C /* ViewController.swift */ = {isa = PBXFileReference; lastKnownFileType = sourcecode.swift; path = ViewController.swift; sourceTree = "<group>"; };
		96FA8034201AA7EE00C2335C /* Base */ = {isa = PBXFileReference; lastKnownFileType = file.storyboard; name = Base; path = Base.lproj/Main.storyboard; sourceTree = "<group>"; };
		96FA8036201AA7EE00C2335C /* Assets.xcassets */ = {isa = PBXFileReference; lastKnownFileType = folder.assetcatalog; path = Assets.xcassets; sourceTree = "<group>"; };
		96FA8039201AA7EE00C2335C /* Base */ = {isa = PBXFileReference; lastKnownFileType = file.storyboard; name = Base; path = Base.lproj/LaunchScreen.storyboard; sourceTree = "<group>"; };
		96FA803B201AA7EE00C2335C /* Info.plist */ = {isa = PBXFileReference; lastKnownFileType = text.plist.xml; path = Info.plist; sourceTree = "<group>"; };
		96FA8041201AA9B200C2335C /* 001. Two Sum.playground.swift */ = {isa = PBXFileReference; lastKnownFileType = sourcecode.swift; path = "001. Two Sum.playground.swift"; sourceTree = "<group>"; };
		96FA8044201AAAFF00C2335C /* 004. Median of Two Sorted Arrays.swift */ = {isa = PBXFileReference; lastKnownFileType = sourcecode.swift; path = "004. Median of Two Sorted Arrays.swift"; sourceTree = "<group>"; };
		96FA8046201AAB4B00C2335C /* 015. 3Sum.swift */ = {isa = PBXFileReference; lastKnownFileType = sourcecode.swift; path = "015. 3Sum.swift"; sourceTree = "<group>"; };
		96FA8048201AAC4E00C2335C /* 026. Remove Duplicates from Sorted Array.swift */ = {isa = PBXFileReference; lastKnownFileType = sourcecode.swift; path = "026. Remove Duplicates from Sorted Array.swift"; sourceTree = "<group>"; };
		96FA804A201AACAB00C2335C /* 033. Search in Rotated Sorted Array.swift */ = {isa = PBXFileReference; lastKnownFileType = sourcecode.swift; path = "033. Search in Rotated Sorted Array.swift"; sourceTree = "<group>"; };
		96FA804C201AACFC00C2335C /* 080. Remove Duplicates from Sorted Array II.swift */ = {isa = PBXFileReference; lastKnownFileType = sourcecode.swift; path = "080. Remove Duplicates from Sorted Array II.swift"; sourceTree = "<group>"; };
		96FA804E201AAD4C00C2335C /* 081. Search in Rotated Sorted Array II.swift */ = {isa = PBXFileReference; lastKnownFileType = sourcecode.swift; path = "081. Search in Rotated Sorted Array II.swift"; sourceTree = "<group>"; };
		96FA8050201AAE1300C2335C /* 128. Longest Consecutive Sequence.swift */ = {isa = PBXFileReference; lastKnownFileType = sourcecode.swift; path = "128. Longest Consecutive Sequence.swift"; sourceTree = "<group>"; };
		96FA8052201AAF4600C2335C /* 016. 3Sum Closest.swift */ = {isa = PBXFileReference; lastKnownFileType = sourcecode.swift; path = "016. 3Sum Closest.swift"; sourceTree = "<group>"; };
/* End PBXFileReference section */

/* Begin PBXFrameworksBuildPhase section */
		96FA8029201AA7EE00C2335C /* Frameworks */ = {
			isa = PBXFrameworksBuildPhase;
			buildActionMask = 2147483647;
			files = (
			);
			runOnlyForDeploymentPostprocessing = 0;
		};
/* End PBXFrameworksBuildPhase section */

/* Begin PBXGroup section */
		96B80A332025163500AEACEE /* LinearList */ = {
			isa = PBXGroup;
			children = (
				96FA8043201AAA4A00C2335C /* Array */,
				96F517B620226FDD00320D41 /* ListNode */,
			);
			path = LinearList;
			sourceTree = "<group>";
		};
		96F517B620226FDD00320D41 /* ListNode */ = {
			isa = PBXGroup;
			children = (
				96F0DCF42023DAFC00F59015 /* ListNode.swift */,
				96F517B420226FAD00320D41 /* 002. Add Two Numbers.swift */,
				96B80A2F2024F86000AEACEE /* 019. Remove Nth Node From End of List.swift */,
				96B80A312024FBAA00AEACEE /* 024. Swap Nodes in Pairs.swift */,
				96B80A342025167300AEACEE /* 025. Reverse Nodes in k-Group.swift */,
				96F0DCFC2024E8BC00F59015 /* 061. Rotate List.swift */,
				96F0DCFA2023EB9000F59015 /* 082. Remove Duplicates from Sorted List II.swift */,
				96F0DCF82023E72000F59015 /* 083. Remove Duplicates from Sorted List.swift */,
				96F0DCF62023DF7700F59015 /* 086. Partition List.swift */,
				967EFE0B202297B5001522D3 /* 092. Reverse Linked List II.swift */,
				96B80A3620252B3100AEACEE /* 143. Reorder List.swift */,
			);
			path = ListNode;
			sourceTree = "<group>";
		};
		96FA8023201AA7ED00C2335C = {
			isa = PBXGroup;
			children = (
				96FA802E201AA7EE00C2335C /* LeetcodeSolution */,
				96FA802D201AA7EE00C2335C /* Products */,
			);
			sourceTree = "<group>";
		};
		96FA802D201AA7EE00C2335C /* Products */ = {
			isa = PBXGroup;
			children = (
				96FA802C201AA7EE00C2335C /* LeetcodeSolution.app */,
			);
			name = Products;
			sourceTree = "<group>";
		};
		96FA802E201AA7EE00C2335C /* LeetcodeSolution */ = {
			isa = PBXGroup;
			children = (
				96FA802F201AA7EE00C2335C /* AppDelegate.swift */,
				96FA8031201AA7EE00C2335C /* ViewController.swift */,
				96B80A332025163500AEACEE /* LinearList */,
				96FA8033201AA7EE00C2335C /* Main.storyboard */,
				96FA8036201AA7EE00C2335C /* Assets.xcassets */,
				96FA8038201AA7EE00C2335C /* LaunchScreen.storyboard */,
				96FA803B201AA7EE00C2335C /* Info.plist */,
			);
			path = LeetcodeSolution;
			sourceTree = "<group>";
		};
		96FA8043201AAA4A00C2335C /* Array */ = {
			isa = PBXGroup;
			children = (
				96FA8041201AA9B200C2335C /* 001. Two Sum.playground.swift */,
				96FA8044201AAAFF00C2335C /* 004. Median of Two Sorted Arrays.swift */,
				96FA8046201AAB4B00C2335C /* 015. 3Sum.swift */,
				96FA8052201AAF4600C2335C /* 016. 3Sum Closest.swift */,
				96F51796201BB5CF00320D41 /* 018. 4Sum.swift */,
				96FA8048201AAC4E00C2335C /* 026. Remove Duplicates from Sorted Array.swift */,
				96F51798201BD55E00320D41 /* 027. Remove Element.swift */,
				96F5179A201BD7AB00320D41 /* 031. Next Permutation.swift */,
				96FA804A201AACAB00C2335C /* 033. Search in Rotated Sorted Array.swift */,
				96F5179E201FCC0200320D41 /* 036. Valid Sudoku.swift */,
				96F517A0201FE8A600320D41 /* 042. Trapping Rain Water.swift */,
				96F517A2201FEC7A00320D41 /* 048. Rotate Image.swift */,
				96F5179C201BFA4C00320D41 /* 060. Permutation Sequence.swift */,
				96F517A42021001B00320D41 /* 066. Plus One.swift */,
				96F517A62021057100320D41 /* 070. Climbing Stairs.swift */,
				96F517AA2021496000320D41 /* 073. Set Matrix Zeroes.swift */,
				96FA804C201AACFC00C2335C /* 080. Remove Duplicates from Sorted Array II.swift */,
				96FA804E201AAD4C00C2335C /* 081. Search in Rotated Sorted Array II.swift */,
				96F517A82021246800320D41 /* 089. Gray Code.swift */,
				96FA8050201AAE1300C2335C /* 128. Longest Consecutive Sequence.swift */,
				96F517AC20224E5500320D41 /* 134. Gas Station.swift */,
				96F517AE202257D000320D41 /* 135. Candy.swift */,
				96F517B020225E5F00320D41 /* 136. Single Number.swift */,
				96F517B220226D5200320D41 /* 137. Single Number II.swift */,
			);
			path = Array;
			sourceTree = "<group>";
		};
/* End PBXGroup section */

/* Begin PBXNativeTarget section */
		96FA802B201AA7EE00C2335C /* LeetcodeSolution */ = {
			isa = PBXNativeTarget;
			buildConfigurationList = 96FA803E201AA7EE00C2335C /* Build configuration list for PBXNativeTarget "LeetcodeSolution" */;
			buildPhases = (
				96FA8028201AA7EE00C2335C /* Sources */,
				96FA8029201AA7EE00C2335C /* Frameworks */,
				96FA802A201AA7EE00C2335C /* Resources */,
			);
			buildRules = (
			);
			dependencies = (
			);
			name = LeetcodeSolution;
			productName = LeetcodeSolution;
			productReference = 96FA802C201AA7EE00C2335C /* LeetcodeSolution.app */;
			productType = "com.apple.product-type.application";
		};
/* End PBXNativeTarget section */

/* Begin PBXProject section */
		96FA8024201AA7ED00C2335C /* Project object */ = {
			isa = PBXProject;
			attributes = {
				LastSwiftUpdateCheck = 0920;
				LastUpgradeCheck = 0920;
				ORGANIZATIONNAME = "David Yu";
				TargetAttributes = {
					96FA802B201AA7EE00C2335C = {
						CreatedOnToolsVersion = 9.2;
						ProvisioningStyle = Automatic;
					};
				};
			};
			buildConfigurationList = 96FA8027201AA7EE00C2335C /* Build configuration list for PBXProject "LeetcodeSolution" */;
			compatibilityVersion = "Xcode 8.0";
			developmentRegion = en;
			hasScannedForEncodings = 0;
			knownRegions = (
				en,
				Base,
			);
			mainGroup = 96FA8023201AA7ED00C2335C;
			productRefGroup = 96FA802D201AA7EE00C2335C /* Products */;
			projectDirPath = "";
			projectRoot = "";
			targets = (
				96FA802B201AA7EE00C2335C /* LeetcodeSolution */,
			);
		};
/* End PBXProject section */

/* Begin PBXResourcesBuildPhase section */
		96FA802A201AA7EE00C2335C /* Resources */ = {
			isa = PBXResourcesBuildPhase;
			buildActionMask = 2147483647;
			files = (
				96FA803A201AA7EE00C2335C /* LaunchScreen.storyboard in Resources */,
				96FA8037201AA7EE00C2335C /* Assets.xcassets in Resources */,
				96FA8035201AA7EE00C2335C /* Main.storyboard in Resources */,
			);
			runOnlyForDeploymentPostprocessing = 0;
		};
/* End PBXResourcesBuildPhase section */

/* Begin PBXSourcesBuildPhase section */
		96FA8028201AA7EE00C2335C /* Sources */ = {
			isa = PBXSourcesBuildPhase;
			buildActionMask = 2147483647;
			files = (
				96F517A92021246800320D41 /* 089. Gray Code.swift in Sources */,
				96FA8042201AA9B200C2335C /* 001. Two Sum.playground.swift in Sources */,
				96F0DCFD2024E8BC00F59015 /* 061. Rotate List.swift in Sources */,
				96F0DCFB2023EB9000F59015 /* 082. Remove Duplicates from Sorted List II.swift in Sources */,
				96F517A72021057100320D41 /* 070. Climbing Stairs.swift in Sources */,
				96F517AD20224E5500320D41 /* 134. Gas Station.swift in Sources */,
				96FA804B201AACAB00C2335C /* 033. Search in Rotated Sorted Array.swift in Sources */,
				96F0DCF52023DAFC00F59015 /* ListNode.swift in Sources */,
				96B80A352025167300AEACEE /* 025. Reverse Nodes in k-Group.swift in Sources */,
				96FA8053201AAF4600C2335C /* 016. 3Sum Closest.swift in Sources */,
				96F517B120225E5F00320D41 /* 136. Single Number.swift in Sources */,
				96F517A1201FE8A600320D41 /* 042. Trapping Rain Water.swift in Sources */,
				96F5179D201BFA4C00320D41 /* 060. Permutation Sequence.swift in Sources */,
				96F5179F201FCC0200320D41 /* 036. Valid Sudoku.swift in Sources */,
				96F517A3201FEC7A00320D41 /* 048. Rotate Image.swift in Sources */,
				96FA8045201AAAFF00C2335C /* 004. Median of Two Sorted Arrays.swift in Sources */,
				96FA8032201AA7EE00C2335C /* ViewController.swift in Sources */,
				96FA8051201AAE1300C2335C /* 128. Longest Consecutive Sequence.swift in Sources */,
				967EFE0C202297B5001522D3 /* 092. Reverse Linked List II.swift in Sources */,
				96B80A302024F86000AEACEE /* 019. Remove Nth Node From End of List.swift in Sources */,
				96F517B320226D5200320D41 /* 137. Single Number II.swift in Sources */,
				96F51799201BD55E00320D41 /* 027. Remove Element.swift in Sources */,
				96F0DCF72023DF7700F59015 /* 086. Partition List.swift in Sources */,
				96F5179B201BD7AB00320D41 /* 031. Next Permutation.swift in Sources */,
				96F51797201BB5CF00320D41 /* 018. 4Sum.swift in Sources */,
				96FA804D201AACFC00C2335C /* 080. Remove Duplicates from Sorted Array II.swift in Sources */,
				96F517AF202257D000320D41 /* 135. Candy.swift in Sources */,
				96FA8049201AAC4E00C2335C /* 026. Remove Duplicates from Sorted Array.swift in Sources */,
				96F517B520226FAD00320D41 /* 002. Add Two Numbers.swift in Sources */,
				96F0DCF92023E72000F59015 /* 083. Remove Duplicates from Sorted List.swift in Sources */,
				96F517A52021001B00320D41 /* 066. Plus One.swift in Sources */,
				96FA8030201AA7EE00C2335C /* AppDelegate.swift in Sources */,
				96FA804F201AAD4C00C2335C /* 081. Search in Rotated Sorted Array II.swift in Sources */,
				96B80A322024FBAA00AEACEE /* 024. Swap Nodes in Pairs.swift in Sources */,
				96F517AB2021496000320D41 /* 073. Set Matrix Zeroes.swift in Sources */,
				96B80A3720252B3100AEACEE /* 143. Reorder List.swift in Sources */,
				96FA8047201AAB4B00C2335C /* 015. 3Sum.swift in Sources */,
			);
			runOnlyForDeploymentPostprocessing = 0;
		};
/* End PBXSourcesBuildPhase section */

/* Begin PBXVariantGroup section */
		96FA8033201AA7EE00C2335C /* Main.storyboard */ = {
			isa = PBXVariantGroup;
			children = (
				96FA8034201AA7EE00C2335C /* Base */,
			);
			name = Main.storyboard;
			sourceTree = "<group>";
		};
		96FA8038201AA7EE00C2335C /* LaunchScreen.storyboard */ = {
			isa = PBXVariantGroup;
			children = (
				96FA8039201AA7EE00C2335C /* Base */,
			);
			name = LaunchScreen.storyboard;
			sourceTree = "<group>";
		};
/* End PBXVariantGroup section */

/* Begin XCBuildConfiguration section */
		96FA803C201AA7EE00C2335C /* Debug */ = {
			isa = XCBuildConfiguration;
			buildSettings = {
				ALWAYS_SEARCH_USER_PATHS = NO;
				CLANG_ANALYZER_NONNULL = YES;
				CLANG_ANALYZER_NUMBER_OBJECT_CONVERSION = YES_AGGRESSIVE;
				CLANG_CXX_LANGUAGE_STANDARD = "gnu++14";
				CLANG_CXX_LIBRARY = "libc++";
				CLANG_ENABLE_MODULES = YES;
				CLANG_ENABLE_OBJC_ARC = YES;
				CLANG_WARN_BLOCK_CAPTURE_AUTORELEASING = YES;
				CLANG_WARN_BOOL_CONVERSION = YES;
				CLANG_WARN_COMMA = YES;
				CLANG_WARN_CONSTANT_CONVERSION = YES;
				CLANG_WARN_DIRECT_OBJC_ISA_USAGE = YES_ERROR;
				CLANG_WARN_DOCUMENTATION_COMMENTS = YES;
				CLANG_WARN_EMPTY_BODY = YES;
				CLANG_WARN_ENUM_CONVERSION = YES;
				CLANG_WARN_INFINITE_RECURSION = YES;
				CLANG_WARN_INT_CONVERSION = YES;
				CLANG_WARN_NON_LITERAL_NULL_CONVERSION = YES;
				CLANG_WARN_OBJC_LITERAL_CONVERSION = YES;
				CLANG_WARN_OBJC_ROOT_CLASS = YES_ERROR;
				CLANG_WARN_RANGE_LOOP_ANALYSIS = YES;
				CLANG_WARN_STRICT_PROTOTYPES = YES;
				CLANG_WARN_SUSPICIOUS_MOVE = YES;
				CLANG_WARN_UNGUARDED_AVAILABILITY = YES_AGGRESSIVE;
				CLANG_WARN_UNREACHABLE_CODE = YES;
				CLANG_WARN__DUPLICATE_METHOD_MATCH = YES;
				CODE_SIGN_IDENTITY = "iPhone Developer";
				COPY_PHASE_STRIP = NO;
				DEBUG_INFORMATION_FORMAT = dwarf;
				ENABLE_STRICT_OBJC_MSGSEND = YES;
				ENABLE_TESTABILITY = YES;
				GCC_C_LANGUAGE_STANDARD = gnu11;
				GCC_DYNAMIC_NO_PIC = NO;
				GCC_NO_COMMON_BLOCKS = YES;
				GCC_OPTIMIZATION_LEVEL = 0;
				GCC_PREPROCESSOR_DEFINITIONS = (
					"DEBUG=1",
					"$(inherited)",
				);
				GCC_WARN_64_TO_32_BIT_CONVERSION = YES;
				GCC_WARN_ABOUT_RETURN_TYPE = YES_ERROR;
				GCC_WARN_UNDECLARED_SELECTOR = YES;
				GCC_WARN_UNINITIALIZED_AUTOS = YES_AGGRESSIVE;
				GCC_WARN_UNUSED_FUNCTION = YES;
				GCC_WARN_UNUSED_VARIABLE = YES;
				IPHONEOS_DEPLOYMENT_TARGET = 11.2;
				MTL_ENABLE_DEBUG_INFO = YES;
				ONLY_ACTIVE_ARCH = YES;
				SDKROOT = iphoneos;
				SWIFT_ACTIVE_COMPILATION_CONDITIONS = DEBUG;
				SWIFT_OPTIMIZATION_LEVEL = "-Onone";
			};
			name = Debug;
		};
		96FA803D201AA7EE00C2335C /* Release */ = {
			isa = XCBuildConfiguration;
			buildSettings = {
				ALWAYS_SEARCH_USER_PATHS = NO;
				CLANG_ANALYZER_NONNULL = YES;
				CLANG_ANALYZER_NUMBER_OBJECT_CONVERSION = YES_AGGRESSIVE;
				CLANG_CXX_LANGUAGE_STANDARD = "gnu++14";
				CLANG_CXX_LIBRARY = "libc++";
				CLANG_ENABLE_MODULES = YES;
				CLANG_ENABLE_OBJC_ARC = YES;
				CLANG_WARN_BLOCK_CAPTURE_AUTORELEASING = YES;
				CLANG_WARN_BOOL_CONVERSION = YES;
				CLANG_WARN_COMMA = YES;
				CLANG_WARN_CONSTANT_CONVERSION = YES;
				CLANG_WARN_DIRECT_OBJC_ISA_USAGE = YES_ERROR;
				CLANG_WARN_DOCUMENTATION_COMMENTS = YES;
				CLANG_WARN_EMPTY_BODY = YES;
				CLANG_WARN_ENUM_CONVERSION = YES;
				CLANG_WARN_INFINITE_RECURSION = YES;
				CLANG_WARN_INT_CONVERSION = YES;
				CLANG_WARN_NON_LITERAL_NULL_CONVERSION = YES;
				CLANG_WARN_OBJC_LITERAL_CONVERSION = YES;
				CLANG_WARN_OBJC_ROOT_CLASS = YES_ERROR;
				CLANG_WARN_RANGE_LOOP_ANALYSIS = YES;
				CLANG_WARN_STRICT_PROTOTYPES = YES;
				CLANG_WARN_SUSPICIOUS_MOVE = YES;
				CLANG_WARN_UNGUARDED_AVAILABILITY = YES_AGGRESSIVE;
				CLANG_WARN_UNREACHABLE_CODE = YES;
				CLANG_WARN__DUPLICATE_METHOD_MATCH = YES;
				CODE_SIGN_IDENTITY = "iPhone Developer";
				COPY_PHASE_STRIP = NO;
				DEBUG_INFORMATION_FORMAT = "dwarf-with-dsym";
				ENABLE_NS_ASSERTIONS = NO;
				ENABLE_STRICT_OBJC_MSGSEND = YES;
				GCC_C_LANGUAGE_STANDARD = gnu11;
				GCC_NO_COMMON_BLOCKS = YES;
				GCC_WARN_64_TO_32_BIT_CONVERSION = YES;
				GCC_WARN_ABOUT_RETURN_TYPE = YES_ERROR;
				GCC_WARN_UNDECLARED_SELECTOR = YES;
				GCC_WARN_UNINITIALIZED_AUTOS = YES_AGGRESSIVE;
				GCC_WARN_UNUSED_FUNCTION = YES;
				GCC_WARN_UNUSED_VARIABLE = YES;
				IPHONEOS_DEPLOYMENT_TARGET = 11.2;
				MTL_ENABLE_DEBUG_INFO = NO;
				SDKROOT = iphoneos;
				SWIFT_OPTIMIZATION_LEVEL = "-Owholemodule";
				VALIDATE_PRODUCT = YES;
			};
			name = Release;
		};
		96FA803F201AA7EE00C2335C /* Debug */ = {
			isa = XCBuildConfiguration;
			buildSettings = {
				ASSETCATALOG_COMPILER_APPICON_NAME = AppIcon;
				CODE_SIGN_STYLE = Automatic;
				DEVELOPMENT_TEAM = C79T87ZRG9;
				INFOPLIST_FILE = LeetcodeSolution/Info.plist;
				LD_RUNPATH_SEARCH_PATHS = "$(inherited) @executable_path/Frameworks";
				PRODUCT_BUNDLE_IDENTIFIER = com.equalbean.LeetcodeSolution;
				PRODUCT_NAME = "$(TARGET_NAME)";
				SWIFT_VERSION = 4.0;
				TARGETED_DEVICE_FAMILY = "1,2";
			};
			name = Debug;
		};
		96FA8040201AA7EE00C2335C /* Release */ = {
			isa = XCBuildConfiguration;
			buildSettings = {
				ASSETCATALOG_COMPILER_APPICON_NAME = AppIcon;
				CODE_SIGN_STYLE = Automatic;
				DEVELOPMENT_TEAM = C79T87ZRG9;
				INFOPLIST_FILE = LeetcodeSolution/Info.plist;
				LD_RUNPATH_SEARCH_PATHS = "$(inherited) @executable_path/Frameworks";
				PRODUCT_BUNDLE_IDENTIFIER = com.equalbean.LeetcodeSolution;
				PRODUCT_NAME = "$(TARGET_NAME)";
				SWIFT_VERSION = 4.0;
				TARGETED_DEVICE_FAMILY = "1,2";
			};
			name = Release;
		};
/* End XCBuildConfiguration section */

/* Begin XCConfigurationList section */
		96FA8027201AA7EE00C2335C /* Build configuration list for PBXProject "LeetcodeSolution" */ = {
			isa = XCConfigurationList;
			buildConfigurations = (
				96FA803C201AA7EE00C2335C /* Debug */,
				96FA803D201AA7EE00C2335C /* Release */,
			);
			defaultConfigurationIsVisible = 0;
			defaultConfigurationName = Release;
		};
		96FA803E201AA7EE00C2335C /* Build configuration list for PBXNativeTarget "LeetcodeSolution" */ = {
			isa = XCConfigurationList;
			buildConfigurations = (
				96FA803F201AA7EE00C2335C /* Debug */,
				96FA8040201AA7EE00C2335C /* Release */,
			);
			defaultConfigurationIsVisible = 0;
			defaultConfigurationName = Release;
		};
/* End XCConfigurationList section */
	};
	rootObject = 96FA8024201AA7ED00C2335C /* Project object */;
}
